// !$*UTF8*$!
{
	archiveVersion = 1;
	classes = {
	};
	objectVersion = 50;
	objects = {

/* Begin PBXBuildFile section */
		662A1B3522F59E6700E3A89F /* TaskCell.swift in Sources */ = {isa = PBXBuildFile; fileRef = 662A1B3422F59E6700E3A89F /* TaskCell.swift */; };
		662A1B3722F5A45F00E3A89F /* AddTaskController.swift in Sources */ = {isa = PBXBuildFile; fileRef = 662A1B3622F5A45F00E3A89F /* AddTaskController.swift */; };
		66EE711422F56E2400464734 /* AppDelegate.swift in Sources */ = {isa = PBXBuildFile; fileRef = 66EE711322F56E2400464734 /* AppDelegate.swift */; };
		66EE711622F56E2400464734 /* ViewController.swift in Sources */ = {isa = PBXBuildFile; fileRef = 66EE711522F56E2400464734 /* ViewController.swift */; };
		66EE711922F56E2400464734 /* Main.storyboard in Resources */ = {isa = PBXBuildFile; fileRef = 66EE711722F56E2400464734 /* Main.storyboard */; };
		66EE711B22F56E2600464734 /* Assets.xcassets in Resources */ = {isa = PBXBuildFile; fileRef = 66EE711A22F56E2600464734 /* Assets.xcassets */; };
		66EE711E22F56E2600464734 /* LaunchScreen.storyboard in Resources */ = {isa = PBXBuildFile; fileRef = 66EE711C22F56E2600464734 /* LaunchScreen.storyboard */; };
/* End PBXBuildFile section */

/* Begin PBXCopyFilesBuildPhase section */
		662A1B4F22F6062C00E3A89F /* Embed App Extensions */ = {
			isa = PBXCopyFilesBuildPhase;
			buildActionMask = 2147483647;
			dstPath = "";
			dstSubfolderSpec = 13;
			files = (
			);
			name = "Embed App Extensions";
			runOnlyForDeploymentPostprocessing = 0;
		};
/* End PBXCopyFilesBuildPhase section */

/* Begin PBXFileReference section */
		662A1B3422F59E6700E3A89F /* TaskCell.swift */ = {isa = PBXFileReference; lastKnownFileType = sourcecode.swift; path = TaskCell.swift; sourceTree = "<group>"; };
		662A1B3622F5A45F00E3A89F /* AddTaskController.swift */ = {isa = PBXFileReference; lastKnownFileType = sourcecode.swift; path = AddTaskController.swift; sourceTree = "<group>"; };
		662A1B3E22F6062C00E3A89F /* UserNotifications.framework */ = {isa = PBXFileReference; lastKnownFileType = wrapper.framework; name = UserNotifications.framework; path = System/Library/Frameworks/UserNotifications.framework; sourceTree = SDKROOT; };
		662A1B4022F6062C00E3A89F /* UserNotificationsUI.framework */ = {isa = PBXFileReference; lastKnownFileType = wrapper.framework; name = UserNotificationsUI.framework; path = System/Library/Frameworks/UserNotificationsUI.framework; sourceTree = SDKROOT; };
		662A1B4322F6062C00E3A89F /* NotificationViewController.swift */ = {isa = PBXFileReference; lastKnownFileType = sourcecode.swift; path = NotificationViewController.swift; sourceTree = "<group>"; };
		662A1B4622F6062C00E3A89F /* Base */ = {isa = PBXFileReference; lastKnownFileType = file.storyboard; name = Base; path = Base.lproj/MainInterface.storyboard; sourceTree = "<group>"; };
		662A1B4822F6062C00E3A89F /* Info.plist */ = {isa = PBXFileReference; lastKnownFileType = text.plist.xml; path = Info.plist; sourceTree = "<group>"; };
		66EE711022F56E2400464734 /* TODOBASE.app */ = {isa = PBXFileReference; explicitFileType = wrapper.application; includeInIndex = 0; path = TODOBASE.app; sourceTree = BUILT_PRODUCTS_DIR; };
		66EE711322F56E2400464734 /* AppDelegate.swift */ = {isa = PBXFileReference; lastKnownFileType = sourcecode.swift; path = AppDelegate.swift; sourceTree = "<group>"; };
		66EE711522F56E2400464734 /* ViewController.swift */ = {isa = PBXFileReference; lastKnownFileType = sourcecode.swift; path = ViewController.swift; sourceTree = "<group>"; };
		66EE711822F56E2400464734 /* Base */ = {isa = PBXFileReference; lastKnownFileType = file.storyboard; name = Base; path = Base.lproj/Main.storyboard; sourceTree = "<group>"; };
		66EE711A22F56E2600464734 /* Assets.xcassets */ = {isa = PBXFileReference; lastKnownFileType = folder.assetcatalog; path = Assets.xcassets; sourceTree = "<group>"; };
		66EE711D22F56E2600464734 /* Base */ = {isa = PBXFileReference; lastKnownFileType = file.storyboard; name = Base; path = Base.lproj/LaunchScreen.storyboard; sourceTree = "<group>"; };
		66EE711F22F56E2600464734 /* Info.plist */ = {isa = PBXFileReference; lastKnownFileType = text.plist.xml; path = Info.plist; sourceTree = "<group>"; };
/* End PBXFileReference section */

/* Begin PBXFrameworksBuildPhase section */
		66EE710D22F56E2400464734 /* Frameworks */ = {
			isa = PBXFrameworksBuildPhase;
			buildActionMask = 2147483647;
			files = (
			);
			runOnlyForDeploymentPostprocessing = 0;
		};
/* End PBXFrameworksBuildPhase section */

/* Begin PBXGroup section */
		662A1B3D22F6062C00E3A89F /* Frameworks */ = {
			isa = PBXGroup;
			children = (
				662A1B3E22F6062C00E3A89F /* UserNotifications.framework */,
				662A1B4022F6062C00E3A89F /* UserNotificationsUI.framework */,
			);
			name = Frameworks;
			sourceTree = "<group>";
		};
		662A1B4222F6062C00E3A89F /* asd */ = {
			isa = PBXGroup;
			children = (
				662A1B4322F6062C00E3A89F /* NotificationViewController.swift */,
				662A1B4522F6062C00E3A89F /* MainInterface.storyboard */,
				662A1B4822F6062C00E3A89F /* Info.plist */,
			);
			path = asd;
			sourceTree = "<group>";
		};
		66EE710722F56E2400464734 = {
			isa = PBXGroup;
			children = (
				66EE711222F56E2400464734 /* TODOBASE */,
				662A1B4222F6062C00E3A89F /* asd */,
				662A1B3D22F6062C00E3A89F /* Frameworks */,
				66EE711122F56E2400464734 /* Products */,
			);
			sourceTree = "<group>";
		};
		66EE711122F56E2400464734 /* Products */ = {
			isa = PBXGroup;
			children = (
				66EE711022F56E2400464734 /* TODOBASE.app */,
			);
			name = Products;
			sourceTree = "<group>";
		};
		66EE711222F56E2400464734 /* TODOBASE */ = {
			isa = PBXGroup;
			children = (
				66EE711322F56E2400464734 /* AppDelegate.swift */,
				66EE711522F56E2400464734 /* ViewController.swift */,
				66EE711722F56E2400464734 /* Main.storyboard */,
				662A1B3622F5A45F00E3A89F /* AddTaskController.swift */,
				662A1B3422F59E6700E3A89F /* TaskCell.swift */,
				66EE711A22F56E2600464734 /* Assets.xcassets */,
				66EE711C22F56E2600464734 /* LaunchScreen.storyboard */,
				66EE711F22F56E2600464734 /* Info.plist */,
			);
			path = TODOBASE;
			sourceTree = "<group>";
		};
/* End PBXGroup section */

/* Begin PBXNativeTarget section */
		66EE710F22F56E2400464734 /* TODOBASE */ = {
			isa = PBXNativeTarget;
			buildConfigurationList = 66EE712222F56E2600464734 /* Build configuration list for PBXNativeTarget "TODOBASE" */;
			buildPhases = (
				66EE710C22F56E2400464734 /* Sources */,
				66EE710D22F56E2400464734 /* Frameworks */,
				66EE710E22F56E2400464734 /* Resources */,
				662A1B4F22F6062C00E3A89F /* Embed App Extensions */,
			);
			buildRules = (
			);
			dependencies = (
			);
			name = TODOBASE;
			productName = TODOBASE;
			productReference = 66EE711022F56E2400464734 /* TODOBASE.app */;
			productType = "com.apple.product-type.application";
		};
/* End PBXNativeTarget section */

/* Begin PBXProject section */
		66EE710822F56E2400464734 /* Project object */ = {
			isa = PBXProject;
			attributes = {
				LastSwiftUpdateCheck = 1030;
				LastUpgradeCheck = 1030;
				ORGANIZATIONNAME = "Adam Torok";
				TargetAttributes = {
					66EE710F22F56E2400464734 = {
						CreatedOnToolsVersion = 10.3;
					};
				};
			};
			buildConfigurationList = 66EE710B22F56E2400464734 /* Build configuration list for PBXProject "TODOBASE" */;
			compatibilityVersion = "Xcode 9.3";
			developmentRegion = en;
			hasScannedForEncodings = 0;
			knownRegions = (
				en,
				Base,
			);
			mainGroup = 66EE710722F56E2400464734;
			productRefGroup = 66EE711122F56E2400464734 /* Products */;
			projectDirPath = "";
			projectRoot = "";
			targets = (
				66EE710F22F56E2400464734 /* TODOBASE */,
			);
		};
/* End PBXProject section */

/* Begin PBXResourcesBuildPhase section */
		66EE710E22F56E2400464734 /* Resources */ = {
			isa = PBXResourcesBuildPhase;
			buildActionMask = 2147483647;
			files = (
				66EE711E22F56E2600464734 /* LaunchScreen.storyboard in Resources */,
				66EE711B22F56E2600464734 /* Assets.xcassets in Resources */,
				66EE711922F56E2400464734 /* Main.storyboard in Resources */,
			);
			runOnlyForDeploymentPostprocessing = 0;
		};
/* End PBXResourcesBuildPhase section */

/* Begin PBXSourcesBuildPhase section */
		66EE710C22F56E2400464734 /* Sources */ = {
			isa = PBXSourcesBuildPhase;
			buildActionMask = 2147483647;
			files = (
				66EE711622F56E2400464734 /* ViewController.swift in Sources */,
				662A1B3522F59E6700E3A89F /* TaskCell.swift in Sources */,
				662A1B3722F5A45F00E3A89F /* AddTaskController.swift in Sources */,
				66EE711422F56E2400464734 /* AppDelegate.swift in Sources */,
			);
			runOnlyForDeploymentPostprocessing = 0;
		};
/* End PBXSourcesBuildPhase section */

/* Begin PBXVariantGroup section */
		662A1B4522F6062C00E3A89F /* MainInterface.storyboard */ = {
			isa = PBXVariantGroup;
			children = (
				662A1B4622F6062C00E3A89F /* Base */,
			);
			name = MainInterface.storyboard;
			sourceTree = "<group>";
		};
		66EE711722F56E2400464734 /* Main.storyboard */ = {
			isa = PBXVariantGroup;
			children = (
				66EE711822F56E2400464734 /* Base */,
			);
			name = Main.storyboard;
			sourceTree = "<group>";
		};
		66EE711C22F56E2600464734 /* LaunchScreen.storyboard */ = {
			isa = PBXVariantGroup;
			children = (
				66EE711D22F56E2600464734 /* Base */,
			);
			name = LaunchScreen.storyboard;
			sourceTree = "<group>";
		};
/* End PBXVariantGroup section */

/* Begin XCBuildConfiguration section */
		66EE712022F56E2600464734 /* Debug */ = {
			isa = XCBuildConfiguration;
			buildSettings = {
				ALWAYS_SEARCH_USER_PATHS = NO;
				CLANG_ANALYZER_NONNULL = YES;
				CLANG_ANALYZER_NUMBER_OBJECT_CONVERSION = YES_AGGRESSIVE;
				CLANG_CXX_LANGUAGE_STANDARD = "gnu++14";
				CLANG_CXX_LIBRARY = "libc++";
				CLANG_ENABLE_MODULES = YES;
				CLANG_ENABLE_OBJC_ARC = YES;
				CLANG_ENABLE_OBJC_WEAK = YES;
				CLANG_WARN_BLOCK_CAPTURE_AUTORELEASING = YES;
				CLANG_WARN_BOOL_CONVERSION = YES;
				CLANG_WARN_COMMA = YES;
				CLANG_WARN_CONSTANT_CONVERSION = YES;
				CLANG_WARN_DEPRECATED_OBJC_IMPLEMENTATIONS = YES;
				CLANG_WARN_DIRECT_OBJC_ISA_USAGE = YES_ERROR;
				CLANG_WARN_DOCUMENTATION_COMMENTS = YES;
				CLANG_WARN_EMPTY_BODY = YES;
				CLANG_WARN_ENUM_CONVERSION = YES;
				CLANG_WARN_INFINITE_RECURSION = YES;
				CLANG_WARN_INT_CONVERSION = YES;
				CLANG_WARN_NON_LITERAL_NULL_CONVERSION = YES;
				CLANG_WARN_OBJC_IMPLICIT_RETAIN_SELF = YES;
				CLANG_WARN_OBJC_LITERAL_CONVERSION = YES;
				CLANG_WARN_OBJC_ROOT_CLASS = YES_ERROR;
				CLANG_WARN_RANGE_LOOP_ANALYSIS = YES;
				CLANG_WARN_STRICT_PROTOTYPES = YES;
				CLANG_WARN_SUSPICIOUS_MOVE = YES;
				CLANG_WARN_UNGUARDED_AVAILABILITY = YES_AGGRESSIVE;
				CLANG_WARN_UNREACHABLE_CODE = YES;
				CLANG_WARN__DUPLICATE_METHOD_MATCH = YES;
				CODE_SIGN_IDENTITY = "iPhone Developer";
				COPY_PHASE_STRIP = NO;
				DEBUG_INFORMATION_FORMAT = dwarf;
				ENABLE_STRICT_OBJC_MSGSEND = YES;
				ENABLE_TESTABILITY = YES;
				GCC_C_LANGUAGE_STANDARD = gnu11;
				GCC_DYNAMIC_NO_PIC = NO;
				GCC_NO_COMMON_BLOCKS = YES;
				GCC_OPTIMIZATION_LEVEL = 0;
				GCC_PREPROCESSOR_DEFINITIONS = (
					"DEBUG=1",
					"$(inherited)",
				);
				GCC_WARN_64_TO_32_BIT_CONVERSION = YES;
				GCC_WARN_ABOUT_RETURN_TYPE = YES_ERROR;
				GCC_WARN_UNDECLARED_SELECTOR = YES;
				GCC_WARN_UNINITIALIZED_AUTOS = YES_AGGRESSIVE;
				GCC_WARN_UNUSED_FUNCTION = YES;
				GCC_WARN_UNUSED_VARIABLE = YES;
				IPHONEOS_DEPLOYMENT_TARGET = 12.4;
				MTL_ENABLE_DEBUG_INFO = INCLUDE_SOURCE;
				MTL_FAST_MATH = YES;
				ONLY_ACTIVE_ARCH = YES;
				SDKROOT = iphoneos;
				SWIFT_ACTIVE_COMPILATION_CONDITIONS = DEBUG;
				SWIFT_OPTIMIZATION_LEVEL = "-Onone";
			};
			name = Debug;
		};
		66EE712122F56E2600464734 /* Release */ = {
			isa = XCBuildConfiguration;
			buildSettings = {
				ALWAYS_SEARCH_USER_PATHS = NO;
				CLANG_ANALYZER_NONNULL = YES;
				CLANG_ANALYZER_NUMBER_OBJECT_CONVERSION = YES_AGGRESSIVE;
				CLANG_CXX_LANGUAGE_STANDARD = "gnu++14";
				CLANG_CXX_LIBRARY = "libc++";
				CLANG_ENABLE_MODULES = YES;
				CLANG_ENABLE_OBJC_ARC = YES;
				CLANG_ENABLE_OBJC_WEAK = YES;
				CLANG_WARN_BLOCK_CAPTURE_AUTORELEASING = YES;
				CLANG_WARN_BOOL_CONVERSION = YES;
				CLANG_WARN_COMMA = YES;
				CLANG_WARN_CONSTANT_CONVERSION = YES;
				CLANG_WARN_DEPRECATED_OBJC_IMPLEMENTATIONS = YES;
				CLANG_WARN_DIRECT_OBJC_ISA_USAGE = YES_ERROR;
				CLANG_WARN_DOCUMENTATION_COMMENTS = YES;
				CLANG_WARN_EMPTY_BODY = YES;
				CLANG_WARN_ENUM_CONVERSION = YES;
				CLANG_WARN_INFINITE_RECURSION = YES;
				CLANG_WARN_INT_CONVERSION = YES;
				CLANG_WARN_NON_LITERAL_NULL_CONVERSION = YES;
				CLANG_WARN_OBJC_IMPLICIT_RETAIN_SELF = YES;
				CLANG_WARN_OBJC_LITERAL_CONVERSION = YES;
				CLANG_WARN_OBJC_ROOT_CLASS = YES_ERROR;
				CLANG_WARN_RANGE_LOOP_ANALYSIS = YES;
				CLANG_WARN_STRICT_PROTOTYPES = YES;
				CLANG_WARN_SUSPICIOUS_MOVE = YES;
				CLANG_WARN_UNGUARDED_AVAILABILITY = YES_AGGRESSIVE;
				CLANG_WARN_UNREACHABLE_CODE = YES;
				CLANG_WARN__DUPLICATE_METHOD_MATCH = YES;
				CODE_SIGN_IDENTITY = "iPhone Developer";
				COPY_PHASE_STRIP = NO;
				DEBUG_INFORMATION_FORMAT = "dwarf-with-dsym";
				ENABLE_NS_ASSERTIONS = NO;
				ENABLE_STRICT_OBJC_MSGSEND = YES;
				GCC_C_LANGUAGE_STANDARD = gnu11;
				GCC_NO_COMMON_BLOCKS = YES;
				GCC_WARN_64_TO_32_BIT_CONVERSION = YES;
				GCC_WARN_ABOUT_RETURN_TYPE = YES_ERROR;
				GCC_WARN_UNDECLARED_SELECTOR = YES;
				GCC_WARN_UNINITIALIZED_AUTOS = YES_AGGRESSIVE;
				GCC_WARN_UNUSED_FUNCTION = YES;
				GCC_WARN_UNUSED_VARIABLE = YES;
				IPHONEOS_DEPLOYMENT_TARGET = 12.4;
				MTL_ENABLE_DEBUG_INFO = NO;
				MTL_FAST_MATH = YES;
				SDKROOT = iphoneos;
				SWIFT_COMPILATION_MODE = wholemodule;
				SWIFT_OPTIMIZATION_LEVEL = "-O";
				VALIDATE_PRODUCT = YES;
			};
			name = Release;
		};
		66EE712322F56E2600464734 /* Debug */ = {
			isa = XCBuildConfiguration;
			buildSettings = {
				ALWAYS_EMBED_SWIFT_STANDARD_LIBRARIES = YES;
				ASSETCATALOG_COMPILER_APPICON_NAME = AppIcon;
				CODE_SIGN_STYLE = Automatic;
				DEVELOPMENT_TEAM = 4V57L8HCHC;
				INFOPLIST_FILE = TODOBASE/Info.plist;
				LD_RUNPATH_SEARCH_PATHS = (
					"$(inherited)",
					"@executable_path/Frameworks",
				);
				PRODUCT_BUNDLE_IDENTIFIER = adamTorok.TodoListNotific;
				PRODUCT_NAME = "$(TARGET_NAME)";
				SWIFT_VERSION = 5.0;
				TARGETED_DEVICE_FAMILY = "1,2";
			};
			name = Debug;
		};
		66EE712422F56E2600464734 /* Release */ = {
			isa = XCBuildConfiguration;
			buildSettings = {
				ALWAYS_EMBED_SWIFT_STANDARD_LIBRARIES = YES;
				ASSETCATALOG_COMPILER_APPICON_NAME = AppIcon;
				CODE_SIGN_STYLE = Automatic;
				DEVELOPMENT_TEAM = 4V57L8HCHC;
				INFOPLIST_FILE = TODOBASE/Info.plist;
				LD_RUNPATH_SEARCH_PATHS = (
					"$(inherited)",
					"@executable_path/Frameworks",
				);
				PRODUCT_BUNDLE_IDENTIFIER = adamTorok.TodoListNotific;
				PRODUCT_NAME = "$(TARGET_NAME)";
				SWIFT_VERSION = 5.0;
				TARGETED_DEVICE_FAMILY = "1,2";
			};
			name = Release;
		};
/* End XCBuildConfiguration section */

/* Begin XCConfigurationList section */
		66EE710B22F56E2400464734 /* Build configuration list for PBXProject "TODOBASE" */ = {
			isa = XCConfigurationList;
			buildConfigurations = (
				66EE712022F56E2600464734 /* Debug */,
				66EE712122F56E2600464734 /* Release */,
			);
			defaultConfigurationIsVisible = 0;
			defaultConfigurationName = Release;
		};
		66EE712222F56E2600464734 /* Build configuration list for PBXNativeTarget "TODOBASE" */ = {
			isa = XCConfigurationList;
			buildConfigurations = (
				66EE712322F56E2600464734 /* Debug */,
				66EE712422F56E2600464734 /* Release */,
			);
			defaultConfigurationIsVisible = 0;
			defaultConfigurationName = Release;
		};
/* End XCConfigurationList section */
	};
	rootObject = 66EE710822F56E2400464734 /* Project object */;
}
